
Microsoft Visual Studio Solution File, Format Version 12.00
# Visual Studio Version 16
VisualStudioVersion = 16.0.31911.196
MinimumVisualStudioVersion = 10.0.40219.1
Project("{FAE04EC0-301F-11D3-BF4B-00C04F79EFBC}") = "Electronics2", "Electronics2\Electronics2.csproj", "{60AB876E-2F91-4632-A9AE-397CC17691AB}"
EndProject
Global
	GlobalSection(SolutionConfigurationPlatforms) = preSolution
		Debug|Any CPU = Debug|Any CPU
		Release|Any CPU = Release|Any CPU
	EndGlobalSection
	GlobalSection(ProjectConfigurationPlatforms) = postSolution
		{60AB876E-2F91-4632-A9AE-397CC17691AB}.Debug|Any CPU.ActiveCfg = Debug|Any CPU
		{60AB876E-2F91-4632-A9AE-397CC17691AB}.Debug|Any CPU.Build.0 = Debug|Any CPU
		{60AB876E-2F91-4632-A9AE-397CC17691AB}.Release|Any CPU.ActiveCfg = Release|Any CPU
		{60AB876E-2F91-4632-A9AE-397CC17691AB}.Release|Any CPU.Build.0 = Release|Any CPU
	EndGlobalSection
	GlobalSection(SolutionProperties) = preSolution
		HideSolutionNode = FALSE
	EndGlobalSection
	GlobalSection(ExtensibilityGlobals) = postSolution
		SolutionGuid = {335A1008-A084-4B97-BD3F-365B23276767}
	EndGlobalSection
EndGlobal
